
Microsoft Visual Studio Solution File, Format Version 12.00
# Visual Studio Version 17
VisualStudioVersion = 17.11.35327.3
MinimumVisualStudioVersion = 10.0.40219.1
Project("{FAE04EC0-301F-11D3-BF4B-00C04F79EFBC}") = "Desafio1.2", "Desafio1.2\Desafio1.2.csproj", "{33634B88-DC22-413B-A50D-47FB6881AD79}"
EndProject
Global
	GlobalSection(SolutionConfigurationPlatforms) = preSolution
		Debug|Any CPU = Debug|Any CPU
		Release|Any CPU = Release|Any CPU
	EndGlobalSection
	GlobalSection(ProjectConfigurationPlatforms) = postSolution
		{33634B88-DC22-413B-A50D-47FB6881AD79}.Debug|Any CPU.ActiveCfg = Debug|Any CPU
		{33634B88-DC22-413B-A50D-47FB6881AD79}.Debug|Any CPU.Build.0 = Debug|Any CPU
		{33634B88-DC22-413B-A50D-47FB6881AD79}.Release|Any CPU.ActiveCfg = Release|Any CPU
		{33634B88-DC22-413B-A50D-47FB6881AD79}.Release|Any CPU.Build.0 = Release|Any CPU
	EndGlobalSection
	GlobalSection(SolutionProperties) = preSolution
		HideSolutionNode = FALSE
	EndGlobalSection
	GlobalSection(ExtensibilityGlobals) = postSolution
		SolutionGuid = {A6CD12E9-6DEF-486B-A1E1-A020CE86B6D6}
	EndGlobalSection
EndGlobal
